PODS:
  - AppCenter (4.1.1):
    - AppCenter/Analytics (= 4.1.1)
    - AppCenter/Crashes (= 4.1.1)
  - AppCenter/Analytics (4.1.1):
    - AppCenter/Core
  - AppCenter/Core (4.1.1)
  - AppCenter/Crashes (4.1.1):
    - AppCenter/Core
  - Audiobus (3.0.15)
  - AudioKit (4.11.2):
    - AudioKit/Core (= 4.11.2)
    - AudioKit/UI (= 4.11.2)
  - AudioKit/Core (4.11.2)
  - AudioKit/UI (4.11.2):
    - AudioKit/Core
  - Disk (0.3.3)

DEPENDENCIES:
  - AppCenter
  - Audiobus
  - AudioKit (< 5)
  - Disk (~> 0.3.2)

SPEC REPOS:
  https://github.com/CocoaPods/Specs.git:
    - AppCenter
    - Audiobus
    - AudioKit
    - Disk

SPEC CHECKSUMS:
  AppCenter: cd53e3ed3563cc720bcb806c9731a12389b40d44
  Audiobus: 172cf4b1c6abaf44b720d3d4cf3a9753d43da814
  AudioKit: 57cc61d708f085763a031e5c3f87adae21dc4b59
  Disk: d1f55cd61f6ca20f368232d0c6e37e3c3dfcb63e

PODFILE CHECKSUM: 46222cc840dbff8175c7606ac2651c26df6d4390

COCOAPODS: 1.10.1
